Microsoft Visual Studio Solution File, Format Version 12.00
# Visual Studio Version 17
VisualStudioVersion = 17.5.2.0
MinimumVisualStudioVersion = 10.0.40219.1
Project("{2150E333-8FDC-42A3-9474-1A3956D46DE8}") = "BE", "BE", "{925EF7A6-BD2D-FD16-DA9B-B4A434F89C38}"
EndProject
Project("{FAE04EC0-301F-11D3-BF4B-00C04F79EFBC}") = "HorseRacing", "BE\HorseRacing.csproj", "{ADFFEF9F-F889-57F1-A6D0-2E287B02FF15}"
EndProject
Global
	GlobalSection(SolutionConfigurationPlatforms) = preSolution
		Debug|Any CPU = Debug|Any CPU
		Release|Any CPU = Release|Any CPU
	EndGlobalSection
	GlobalSection(ProjectConfigurationPlatforms) = postSolution
		{ADFFEF9F-F889-57F1-A6D0-2E287B02FF15}.Debug|Any CPU.ActiveCfg = Debug|Any CPU
		{ADFFEF9F-F889-57F1-A6D0-2E287B02FF15}.Debug|Any CPU.Build.0 = Debug|Any CPU
		{ADFFEF9F-F889-57F1-A6D0-2E287B02FF15}.Release|Any CPU.ActiveCfg = Release|Any CPU
		{ADFFEF9F-F889-57F1-A6D0-2E287B02FF15}.Release|Any CPU.Build.0 = Release|Any CPU
	EndGlobalSection
	GlobalSection(SolutionProperties) = preSolution
		HideSolutionNode = FALSE
	EndGlobalSection
	GlobalSection(NestedProjects) = preSolution
		{ADFFEF9F-F889-57F1-A6D0-2E287B02FF15} = {925EF7A6-BD2D-FD16-DA9B-B4A434F89C38}
	EndGlobalSection
	GlobalSection(ExtensibilityGlobals) = postSolution
		SolutionGuid = {F682F1E2-9064-41E0-9E06-A4512E1C0799}
	EndGlobalSection
EndGlobal
